
Microsoft Visual Studio Solution File, Format Version 12.00
# Visual Studio Version 16
VisualStudioVersion = 16.0.29806.167
MinimumVisualStudioVersion = 10.0.40219.1
Project("{FAE04EC0-301F-11D3-BF4B-00C04F79EFBC}") = "WpfDataGridHorizontal", "WpfDataGridHorizontal\WpfDataGridHorizontal.csproj", "{BEAD68FC-9043-4C63-8F29-B04964BB147E}"
EndProject
Global
	GlobalSection(SolutionConfigurationPlatforms) = preSolution
		Debug|Any CPU = Debug|Any CPU
		Release|Any CPU = Release|Any CPU
	EndGlobalSection
	GlobalSection(ProjectConfigurationPlatforms) = postSolution
		{BEAD68FC-9043-4C63-8F29-B04964BB147E}.Debug|Any CPU.ActiveCfg = Debug|Any CPU
		{BEAD68FC-9043-4C63-8F29-B04964BB147E}.Debug|Any CPU.Build.0 = Debug|Any CPU
		{BEAD68FC-9043-4C63-8F29-B04964BB147E}.Release|Any CPU.ActiveCfg = Release|Any CPU
		{BEAD68FC-9043-4C63-8F29-B04964BB147E}.Release|Any CPU.Build.0 = Release|Any CPU
	EndGlobalSection
	GlobalSection(SolutionProperties) = preSolution
		HideSolutionNode = FALSE
	EndGlobalSection
	GlobalSection(ExtensibilityGlobals) = postSolution
		SolutionGuid = {71A82E3B-1221-4CFE-A7A9-1B9BA4923A3A}
	EndGlobalSection
EndGlobal
